
Microsoft Visual Studio Solution File, Format Version 12.00
# Visual Studio 14
VisualStudioVersion = 14.0.24720.0
MinimumVisualStudioVersion = 10.0.40219.1
Project("{FAE04EC0-301F-11D3-BF4B-00C04F79EFBC}") = "Wpfiposu", "Wpfiposu\Wpfiposu.csproj", "{2EA69979-A5DF-44C6-8E29-C21812908E40}"
EndProject
Project("{FAE04EC0-301F-11D3-BF4B-00C04F79EFBC}") = "FlexiTill", "FlexiTill\FlexiTill.csproj", "{9BC97DE7-616E-4DC6-BCD7-2FE6526CF22C}"
EndProject
Global
	GlobalSection(SolutionConfigurationPlatforms) = preSolution
		Debug|Any CPU = Debug|Any CPU
		Release|Any CPU = Release|Any CPU
	EndGlobalSection
	GlobalSection(ProjectConfigurationPlatforms) = postSolution
		{2EA69979-A5DF-44C6-8E29-C21812908E40}.Debug|Any CPU.ActiveCfg = Debug|Any CPU
		{2EA69979-A5DF-44C6-8E29-C21812908E40}.Debug|Any CPU.Build.0 = Debug|Any CPU
		{2EA69979-A5DF-44C6-8E29-C21812908E40}.Release|Any CPU.ActiveCfg = Release|Any CPU
		{2EA69979-A5DF-44C6-8E29-C21812908E40}.Release|Any CPU.Build.0 = Release|Any CPU
		{9BC97DE7-616E-4DC6-BCD7-2FE6526CF22C}.Debug|Any CPU.ActiveCfg = Debug|Any CPU
		{9BC97DE7-616E-4DC6-BCD7-2FE6526CF22C}.Debug|Any CPU.Build.0 = Debug|Any CPU
		{9BC97DE7-616E-4DC6-BCD7-2FE6526CF22C}.Release|Any CPU.ActiveCfg = Release|Any CPU
		{9BC97DE7-616E-4DC6-BCD7-2FE6526CF22C}.Release|Any CPU.Build.0 = Release|Any CPU
	EndGlobalSection
	GlobalSection(SolutionProperties) = preSolution
		HideSolutionNode = FALSE
	EndGlobalSection
EndGlobal
